<?xml version="1.0" encoding="utf-8"?>
<Project ToolsVersion="4.0" xmlns="http://schemas.microsoft.com/developer/msbuild/2003">
  <ItemGroup>
    <Filter Include="Source Files">
      <UniqueIdentifier>{4FC737F1-C7A5-4376-A066-2A32D752A2FF}</UniqueIdentifier>
      <Extensions>cpp;c;cc;cxx;def;odl;idl;hpj;bat;asm;asmx</Extensions>
    </Filter>
    <Filter Include="Header Files">
      <UniqueIdentifier>{93995380-89BD-4b04-88EB-625FBE52EBFB}</UniqueIdentifier>
      <Extensions>h;hh;hpp;hxx;hm;inl;inc;ipp;xsd</Extensions>
    </Filter>
    <Filter Include="Resource Files">
      <UniqueIdentifier>{67DA6AB6-F800-4c08-8B7A-83BB121AAD01}</UniqueIdentifier>
      <Extensions>rc;ico;cur;bmp;dlg;rc2;rct;bin;rgs;gif;jpg;jpeg;jpe;resx;tiff;tif;png;wav;mfcribbon-ms</Extensions>
    </Filter>
    <Filter Include="Source Files\AI">
      <UniqueIdentifier>{052b2c0a-883d-4351-a146-1cd467d504cc}</UniqueIdentifier>
    </Filter>
    <Filter Include="Source Files\Components">
      <UniqueIdentifier>{7b679750-4fe2-4837-95b7-220e3f345c17}</UniqueIdentifier>
    </Filter>
    <Filter Include="Source Files\Systems">
      <UniqueIdentifier>{ebcc1d30-bec1-4e47-a0e8-acfcc58337a0}</UniqueIdentifier>
    </Filter>
    <Filter Include="Source Files\Utility">
      <UniqueIdentifier>{0ecfd4bc-3f55-4ed2-a9d5-e5a643539f5a}</UniqueIdentifier>
    </Filter>
    <Filter Include="Header Files\Components">
      <UniqueIdentifier>{f454170d-0621-4d1f-a485-f407713c7a33}</UniqueIdentifier>
    </Filter>
    <Filter Include="Header Files\AI">
      <UniqueIdentifier>{595169f5-a901-4500-9bd8-ddb3ab51b735}</UniqueIdentifier>
    </Filter>
    <Filter Include="Header Files\Items">
      <UniqueIdentifier>{73c025f5-c471-4506-9d44-6fb5736acd0c}</UniqueIdentifier>
    </Filter>
    <Filter Include="Source Files\Items">
      <UniqueIdentifier>{fda81928-14e0-40b7-89df-4334312a4e82}</UniqueIdentifier>
    </Filter>
    <Filter Include="Header Files\Doors">
      <UniqueIdentifier>{37ae808b-180f-4794-91e1-53dd55a21405}</UniqueIdentifier>
    </Filter>
    <Filter Include="Source Files\Doors">
      <UniqueIdentifier>{cb120fd6-0389-4293-ba2d-35c8017e3b7b}</UniqueIdentifier>
    </Filter>
  </ItemGroup>
  <ItemGroup>
    <ClCompile Include="main.cpp">
      <Filter>Source Files</Filter>
    </ClCompile>
    <ClCompile Include="Game.cpp">
      <Filter>Source Files</Filter>
    </ClCompile>
    <ClCompile Include="Window.cpp">
      <Filter>Source Files</Filter>
    </ClCompile>
    <ClCompile Include="WorkingDirectory.cpp">
      <Filter>Source Files</Filter>
    </ClCompile>
    <ClCompile Include="Bitmask.cpp">
      <Filter>Source Files</Filter>
    </ClCompile>
    <ClCompile Include="Input.cpp">
      <Filter>Source Files</Filter>
    </ClCompile>
    <ClCompile Include="Scene.cpp">
      <Filter>Source Files</Filter>
    </ClCompile>
    <ClCompile Include="SceneStateMachine.cpp">
      <Filter>Source Files</Filter>
    </ClCompile>
    <ClCompile Include="SceneSplashScreen.cpp">
      <Filter>Source Files</Filter>
    </ClCompile>
    <ClCompile Include="Object.cpp">
      <Filter>Source Files</Filter>
    </ClCompile>
    <ClCompile Include="Component.cpp">
      <Filter>Source Files</Filter>
    </ClCompile>
    <ClCompile Include="ResourceAllocator.cpp">
      <Filter>Source Files</Filter>
    </ClCompile>
    <ClCompile Include="ObjectCollection.cpp">
      <Filter>Source Files</Filter>
    </ClCompile>
    <ClCompile Include="Animation.cpp">
      <Filter>Source Files</Filter>
    </ClCompile>
    <ClCompile Include="Tile.cpp">
      <Filter>Source Files</Filter>
    </ClCompile>
    <ClCompile Include="TileMapParser.cpp">
      <Filter>Source Files</Filter>
    </ClCompile>
    <ClCompile Include="Utilities.cpp">
      <Filter>Source Files</Filter>
    </ClCompile>
    <ClCompile Include="Quadtree.cpp">
      <Filter>Source Files</Filter>
    </ClCompile>
    <ClCompile Include="Debug.cpp">
      <Filter>Source Files</Filter>
    </ClCompile>
    <ClCompile Include="SharedContext.cpp">
      <Filter>Source Files</Filter>
    </ClCompile>
    <ClCompile Include="imgui-SFML.cpp">
      <Filter>Source Files</Filter>
    </ClCompile>
    <ClCompile Include="imgui_demo.cpp">
      <Filter>Source Files</Filter>
    </ClCompile>
    <ClCompile Include="ComponentPairHash.cpp">
      <Filter>Source Files</Filter>
    </ClCompile>
    <ClCompile Include="ImGuiLog.cpp">
      <Filter>Source Files</Filter>
    </ClCompile>
    <ClCompile Include="SceneDungeon.cpp">
      <Filter>Source Files</Filter>
    </ClCompile>
    <ClCompile Include="HeroClass.cpp">
      <Filter>Source Files</Filter>
    </ClCompile>
    <ClCompile Include="QuadtreeObject.cpp">
      <Filter>Source Files</Filter>
    </ClCompile>
    <ClCompile Include="DrawText.cpp">
      <Filter>Source Files</Filter>
    </ClCompile>
    <ClCompile Include="Raycast.cpp">
      <Filter>Source Files</Filter>
    </ClCompile>
    <ClCompile Include="BoxCast.cpp">
      <Filter>Source Files</Filter>
    </ClCompile>
    <ClCompile Include="ScenePauseScreen.cpp">
      <Filter>Source Files</Filter>
    </ClCompile>
    <ClCompile Include="AI_Chase.cpp">
      <Filter>Source Files\AI</Filter>
    </ClCompile>
    <ClCompile Include="AI_Patrol.cpp">
      <Filter>Source Files\AI</Filter>
    </ClCompile>
    <ClCompile Include="AI_State.cpp">
      <Filter>Source Files\AI</Filter>
    </ClCompile>
    <ClCompile Include="C_WarpLevelOnCollision.cpp">
      <Filter>Source Files\Components</Filter>
    </ClCompile>
    <ClCompile Include="C_Velocity.cpp">
      <Filter>Source Files\Components</Filter>
    </ClCompile>
    <ClCompile Include="C_UIWorldLabel.cpp">
      <Filter>Source Files\Components</Filter>
    </ClCompile>
    <ClCompile Include="C_Transform.cpp">
      <Filter>Source Files\Components</Filter>
    </ClCompile>
    <ClCompile Include="C_Tag.cpp">
      <Filter>Source Files\Components</Filter>
    </ClCompile>
    <ClCompile Include="C_Sprite.cpp">
      <Filter>Source Files\Components</Filter>
    </ClCompile>
    <ClCompile Include="C_RemoveObjectOnCollision.cpp">
      <Filter>Source Files\Components</Filter>
    </ClCompile>
    <ClCompile Include="C_ProjectileAttack.cpp">
      <Filter>Source Files\Components</Filter>
    </ClCompile>
    <ClCompile Include="C_MovementAnimation.cpp">
      <Filter>Source Files\Components</Filter>
    </ClCompile>
    <ClCompile Include="C_KeyboardMovement.cpp">
      <Filter>Source Files\Components</Filter>
    </ClCompile>
    <ClCompile Include="C_InteractWithObjects.cpp">
      <Filter>Source Files\Components</Filter>
    </ClCompile>
    <ClCompile Include="C_InteractableTalking.cpp">
      <Filter>Source Files\Components</Filter>
    </ClCompile>
    <ClCompile Include="C_InstanceID.cpp">
      <Filter>Source Files\Components</Filter>
    </ClCompile>
    <ClCompile Include="C_EnemyHealth.cpp">
      <Filter>Source Files\Components</Filter>
    </ClCompile>
    <ClCompile Include="C_Drawable.cpp">
      <Filter>Source Files\Components</Filter>
    </ClCompile>
    <ClCompile Include="C_Direction.cpp">
      <Filter>Source Files\Components</Filter>
    </ClCompile>
    <ClCompile Include="C_Collider.cpp">
      <Filter>Source Files\Components</Filter>
    </ClCompile>
    <ClCompile Include="C_Collidable.cpp">
      <Filter>Source Files\Components</Filter>
    </ClCompile>
    <ClCompile Include="C_Camera.cpp">
      <Filter>Source Files\Components</Filter>
    </ClCompile>
    <ClCompile Include="C_BoxCollider.cpp">
      <Filter>Source Files\Components</Filter>
    </ClCompile>
    <ClCompile Include="C_Animation.cpp">
      <Filter>Source Files\Components</Filter>
    </ClCompile>
    <ClCompile Include="S_Collidable.cpp">
      <Filter>Source Files\Systems</Filter>
    </ClCompile>
    <ClCompile Include="S_Command.cpp">
      <Filter>Source Files\Systems</Filter>
    </ClCompile>
    <ClCompile Include="S_Drawable.cpp">
      <Filter>Source Files\Systems</Filter>
    </ClCompile>
    <ClCompile Include="S_Locator.cpp">
      <Filter>Source Files\Systems</Filter>
    </ClCompile>
    <ClCompile Include="S_Quests.cpp">
      <Filter>Source Files\Systems</Filter>
    </ClCompile>
    <ClCompile Include="S_ScriptProcessor.cpp">
      <Filter>Source Files\Systems</Filter>
    </ClCompile>
    <ClCompile Include="C_AI.cpp">
      <Filter>Source Files\Components</Filter>
    </ClCompile>
    <ClCompile Include="C_Item.cpp">
      <Filter>Source Files\Components</Filter>
    </ClCompile>
    <ClCompile Include="C_ItemPickupOnCollision.cpp">
      <Filter>Source Files\Components</Filter>
    </ClCompile>
    <ClCompile Include="Inventory.cpp">
      <Filter>Source Files</Filter>
    </ClCompile>
    <ClCompile Include="SceneInventory.cpp">
      <Filter>Source Files</Filter>
    </ClCompile>
    <ClCompile Include="Item_MaxHealth.cpp">
      <Filter>Source Files\Items</Filter>
    </ClCompile>
    <ClCompile Include="Item_Key.cpp">
      <Filter>Source Files\Items</Filter>
    </ClCompile>
    <ClCompile Include="Item_Health.cpp">
      <Filter>Source Files\Items</Filter>
    </ClCompile>
    <ClCompile Include="Item.cpp">
      <Filter>Source Files\Items</Filter>
    </ClCompile>
    <ClCompile Include="Door.cpp">
      <Filter>Source Files\Doors</Filter>
    </ClCompile>
    <ClCompile Include="WorldDoors.cpp">
      <Filter>Source Files\Doors</Filter>
    </ClCompile>
    <ClCompile Include="C_DoorOnCollision.cpp">
      <Filter>Source Files\Components</Filter>
    </ClCompile>
  </ItemGroup>
  <ItemGroup>
    <ClInclude Include="Game.hpp">
      <Filter>Header Files</Filter>
    </ClInclude>
    <ClInclude Include="Window.hpp">
      <Filter>Header Files</Filter>
    </ClInclude>
    <ClInclude Include="WorkingDirectory.hpp">
      <Filter>Header Files</Filter>
    </ClInclude>
    <ClInclude Include="Bitmask.hpp">
      <Filter>Header Files</Filter>
    </ClInclude>
    <ClInclude Include="Input.hpp">
      <Filter>Header Files</Filter>
    </ClInclude>
    <ClInclude Include="Scene.hpp">
      <Filter>Header Files</Filter>
    </ClInclude>
    <ClInclude Include="SceneStateMachine.hpp">
      <Filter>Header Files</Filter>
    </ClInclude>
    <ClInclude Include="SceneSplashScreen.hpp">
      <Filter>Header Files</Filter>
    </ClInclude>
    <ClInclude Include="Object.hpp">
      <Filter>Header Files</Filter>
    </ClInclude>
    <ClInclude Include="Component.hpp">
      <Filter>Header Files</Filter>
    </ClInclude>
    <ClInclude Include="ResourceAllocator.hpp">
      <Filter>Header Files</Filter>
    </ClInclude>
    <ClInclude Include="ObjectCollection.hpp">
      <Filter>Header Files</Filter>
    </ClInclude>
    <ClInclude Include="Animation.hpp">
      <Filter>Header Files</Filter>
    </ClInclude>
    <ClInclude Include="Tile.hpp">
      <Filter>Header Files</Filter>
    </ClInclude>
    <ClInclude Include="TileMapParser.hpp">
      <Filter>Header Files</Filter>
    </ClInclude>
    <ClInclude Include="Utilities.hpp">
      <Filter>Header Files</Filter>
    </ClInclude>
    <ClInclude Include="S_Drawable.hpp">
      <Filter>Header Files</Filter>
    </ClInclude>
    <ClInclude Include="Quadtree.hpp">
      <Filter>Header Files</Filter>
    </ClInclude>
    <ClInclude Include="S_Collidable.hpp">
      <Filter>Header Files</Filter>
    </ClInclude>
    <ClInclude Include="Debug.hpp">
      <Filter>Header Files</Filter>
    </ClInclude>
    <ClInclude Include="SharedContext.hpp">
      <Filter>Header Files</Filter>
    </ClInclude>
    <ClInclude Include="ComponentPairHash.hpp">
      <Filter>Header Files</Filter>
    </ClInclude>
    <ClInclude Include="ImGuiLog.hpp">
      <Filter>Header Files</Filter>
    </ClInclude>
    <ClInclude Include="SceneDungeon.hpp">
      <Filter>Header Files</Filter>
    </ClInclude>
    <ClInclude Include="HeroClass.h">
      <Filter>Header Files</Filter>
    </ClInclude>
    <ClInclude Include="S_Locator.hpp">
      <Filter>Header Files</Filter>
    </ClInclude>
    <ClInclude Include="QuadtreeObject.hpp">
      <Filter>Header Files</Filter>
    </ClInclude>
    <ClInclude Include="DrawText.h">
      <Filter>Header Files</Filter>
    </ClInclude>
    <ClInclude Include="S_Command.hpp">
      <Filter>Header Files</Filter>
    </ClInclude>
    <ClInclude Include="S_ScriptProcessor.hpp">
      <Filter>Header Files</Filter>
    </ClInclude>
    <ClInclude Include="Raycast.hpp">
      <Filter>Header Files</Filter>
    </ClInclude>
    <ClInclude Include="S_Quests.hpp">
      <Filter>Header Files</Filter>
    </ClInclude>
    <ClInclude Include="BoxCast.hpp">
      <Filter>Header Files</Filter>
    </ClInclude>
    <ClInclude Include="ScenePauseScreen.hpp">
      <Filter>Header Files</Filter>
    </ClInclude>
    <ClInclude Include="C_AI.hpp">
      <Filter>Header Files\Components</Filter>
    </ClInclude>
    <ClInclude Include="C_Animation.hpp">
      <Filter>Header Files\Components</Filter>
    </ClInclude>
    <ClInclude Include="C_BoxCollider.hpp">
      <Filter>Header Files\Components</Filter>
    </ClInclude>
    <ClInclude Include="C_Camera.hpp">
      <Filter>Header Files\Components</Filter>
    </ClInclude>
    <ClInclude Include="C_Collidable.hpp">
      <Filter>Header Files\Components</Filter>
    </ClInclude>
    <ClInclude Include="C_Collider.hpp">
      <Filter>Header Files\Components</Filter>
    </ClInclude>
    <ClInclude Include="C_Direction.hpp">
      <Filter>Header Files\Components</Filter>
    </ClInclude>
    <ClInclude Include="C_Drawable.hpp">
      <Filter>Header Files\Components</Filter>
    </ClInclude>
    <ClInclude Include="C_EnemyHealth.hpp">
      <Filter>Header Files\Components</Filter>
    </ClInclude>
    <ClInclude Include="C_InstanceID.hpp">
      <Filter>Header Files\Components</Filter>
    </ClInclude>
    <ClInclude Include="C_Interactable.hpp">
      <Filter>Header Files\Components</Filter>
    </ClInclude>
    <ClInclude Include="C_InteractableTalking.hpp">
      <Filter>Header Files\Components</Filter>
    </ClInclude>
    <ClInclude Include="C_InteractWithObjects.hpp">
      <Filter>Header Files\Components</Filter>
    </ClInclude>
    <ClInclude Include="C_KeyboardMovement.hpp">
      <Filter>Header Files\Components</Filter>
    </ClInclude>
    <ClInclude Include="C_MovementAnimation.hpp">
      <Filter>Header Files\Components</Filter>
    </ClInclude>
    <ClInclude Include="C_ProjectileAttack.hpp">
      <Filter>Header Files\Components</Filter>
    </ClInclude>
    <ClInclude Include="C_RemoveObjectOnCollision.hpp">
      <Filter>Header Files\Components</Filter>
    </ClInclude>
    <ClInclude Include="C_Sprite.hpp">
      <Filter>Header Files\Components</Filter>
    </ClInclude>
    <ClInclude Include="C_Tag.hpp">
      <Filter>Header Files\Components</Filter>
    </ClInclude>
    <ClInclude Include="C_Transform.hpp">
      <Filter>Header Files\Components</Filter>
    </ClInclude>
    <ClInclude Include="C_UIWorldLabel.hpp">
      <Filter>Header Files\Components</Filter>
    </ClInclude>
    <ClInclude Include="C_Velocity.hpp">
      <Filter>Header Files\Components</Filter>
    </ClInclude>
    <ClInclude Include="C_WarpLevelOnCollision.hpp">
      <Filter>Header Files\Components</Filter>
    </ClInclude>
    <ClInclude Include="AI_Chase.hpp">
      <Filter>Header Files\AI</Filter>
    </ClInclude>
    <ClInclude Include="AI_Patrol.hpp">
      <Filter>Header Files\AI</Filter>
    </ClInclude>
    <ClInclude Include="AI_State.hpp">
      <Filter>Header Files\AI</Filter>
    </ClInclude>
    <ClInclude Include="C_Item.hpp">
      <Filter>Header Files\Components</Filter>
    </ClInclude>
    <ClInclude Include="C_ItemPickupOnCollision.hpp">
      <Filter>Header Files\Components</Filter>
    </ClInclude>
    <ClInclude Include="Inventory.hpp">
      <Filter>Header Files</Filter>
    </ClInclude>
    <ClInclude Include="SceneInventory.hpp">
      <Filter>Header Files</Filter>
    </ClInclude>
    <ClInclude Include="Item_MaxHealth.hpp">
      <Filter>Header Files\Items</Filter>
    </ClInclude>
    <ClInclude Include="Item_Key.hpp">
      <Filter>Header Files\Items</Filter>
    </ClInclude>
    <ClInclude Include="Item_Health.hpp">
      <Filter>Header Files\Items</Filter>
    </ClInclude>
    <ClInclude Include="Item.hpp">
      <Filter>Header Files\Items</Filter>
    </ClInclude>
    <ClInclude Include="Door.hpp">
      <Filter>Header Files\Doors</Filter>
    </ClInclude>
    <ClInclude Include="WorldDoors.hpp">
      <Filter>Header Files\Doors</Filter>
    </ClInclude>
    <ClInclude Include="C_DoorOnCollision.hpp">
      <Filter>Header Files\Components</Filter>
    </ClInclude>
  </ItemGroup>
  <ItemGroup>
    <Image Include="viking.png">
      <Filter>Resource Files</Filter>
    </Image>
    <Image Include="that_games_guy_logo.png">
      <Filter>Resource Files</Filter>
    </Image>
  </ItemGroup>
  <ItemGroup>
    <None Include="SnowFragment.glsl">
      <Filter>Resource Files</Filter>
    </None>
    <None Include="README.md">
      <Filter>Resource Files</Filter>
    </None>
  </ItemGroup>
</Project>